{
  "object": {
    "pins": [
      {
        "package": "Flynn",
        "repositoryURL": "https://github.com/KittyMac/Flynn.git",
        "state": {
          "branch": "master",
          "revision": "7e71f17d6500aff1dbebcb255005860ea0ba4f9e",
          "version": null
        }
      }
    ]
  },
  "version": 1
}
