{
  "object": {
    "pins": [
      {
        "package": "Flynn",
        "repositoryURL": "https://github.com/KittyMac/Flynn.git",
        "state": {
          "branch": "master",
          "revision": "ceefd9caa62bd82ac3a19e94d8b854645a29ccde",
          "version": null
        }
      }
    ]
  },
  "version": 1
}
